
Microsoft Visual Studio Solution File, Format Version 12.00
# Visual Studio Version 17
VisualStudioVersion = 17.10.34916.146
MinimumVisualStudioVersion = 10.0.40219.1
Project("{9A19103F-16F7-4668-BE54-9A1E7A4F7556}") = "Receive", "Receive\Receive.csproj", "{7A12A51C-A0D7-4EAF-B340-1A831164E2E9}"
EndProject
Project("{9A19103F-16F7-4668-BE54-9A1E7A4F7556}") = "Send", "Send\Send.csproj", "{93C8FD04-5250-4066-94C5-D8D286D3ED0F}"
EndProject
Global
	GlobalSection(SolutionConfigurationPlatforms) = preSolution
		Debug|Any CPU = Debug|Any CPU
		Release|Any CPU = Release|Any CPU
	EndGlobalSection
	GlobalSection(ProjectConfigurationPlatforms) = postSolution
		{7A12A51C-A0D7-4EAF-B340-1A831164E2E9}.Debug|Any CPU.ActiveCfg = Debug|Any CPU
		{7A12A51C-A0D7-4EAF-B340-1A831164E2E9}.Debug|Any CPU.Build.0 = Debug|Any CPU
		{7A12A51C-A0D7-4EAF-B340-1A831164E2E9}.Release|Any CPU.ActiveCfg = Release|Any CPU
		{7A12A51C-A0D7-4EAF-B340-1A831164E2E9}.Release|Any CPU.Build.0 = Release|Any CPU
		{93C8FD04-5250-4066-94C5-D8D286D3ED0F}.Debug|Any CPU.ActiveCfg = Debug|Any CPU
		{93C8FD04-5250-4066-94C5-D8D286D3ED0F}.Debug|Any CPU.Build.0 = Debug|Any CPU
		{93C8FD04-5250-4066-94C5-D8D286D3ED0F}.Release|Any CPU.ActiveCfg = Release|Any CPU
		{93C8FD04-5250-4066-94C5-D8D286D3ED0F}.Release|Any CPU.Build.0 = Release|Any CPU
	EndGlobalSection
	GlobalSection(SolutionProperties) = preSolution
		HideSolutionNode = FALSE
	EndGlobalSection
	GlobalSection(ExtensibilityGlobals) = postSolution
		SolutionGuid = {11DE0088-8826-4B6A-A76B-E41319CC285F}
	EndGlobalSection
EndGlobal
